# THIS IS AN AUTOGENERATED FILE. DO NOT EDIT THIS FILE DIRECTLY.
# yarn lockfile v1


coc-dictionary@>=1.2.2:
  version "1.2.2"
  resolved "https://registry.yarnpkg.com/coc-dictionary/-/coc-dictionary-1.2.2.tgz#83a1d37848890f21d38e0fae11ee1b5772c820f4"
  integrity sha512-FbcxcfBy+9ZJeNGJsS0c6RJf0Dyl3l5w+Nl4czcnVwXOYaNa350sqClZ7T3KP2oaLHeLVLHbbms8CDjZ3GNg0w==

coc-emoji@>=1.2.3:
  version "1.2.3"
  resolved "https://registry.yarnpkg.com/coc-emoji/-/coc-emoji-1.2.3.tgz#e4657414c14b957be44f0a0c1369b136f6e90fab"
  integrity sha512-XyrHPx7pdY1IuTTxJ/1DJtsyUvB+J5WbK1i6dg0RCQhymAa4SDgEBLHA1deh9cFWEIhv3qejCQBj+xx4wdfAxw==

coc-json@>=1.3.2:
  version "1.3.2"
  resolved "https://registry.yarnpkg.com/coc-json/-/coc-json-1.3.2.tgz#02c2ec78862cd421d650216de3fbdb466295f75a"
  integrity sha512-4wSADhO6oE2lxyYJw1cZqz6eYTrJWI4wHLETSTwhkkpZrPCNJA7mSmuB6oowxt7kJRmDVAIZP2mFyLTXU0jU6w==

coc-neosnippet@>=1.2.2:
  version "1.2.2"
  resolved "https://registry.yarnpkg.com/coc-neosnippet/-/coc-neosnippet-1.2.2.tgz#1f1fe7c2798b6ff914666091c629e8b90c0b7d52"
  integrity sha512-zsK3F4xewxGupHHtn25HsYN1Zu00a4nSfXr3mjoKinbFJAFrL4nVcQWZQueRiuq5GO4mwDC+aAwFrbw8wW0F5g==

coc-snippets@>=2.2.9:
  version "2.2.9"
  resolved "https://registry.yarnpkg.com/coc-snippets/-/coc-snippets-2.2.9.tgz#d18794b6d72108ab117f778e64e6f40ab8bbb792"
  integrity sha512-SjVr0CSmF97LS5e/qz2Lac5JYpx9F6U9MPLzbB3WfGSIBwlrbevgw47DJSIxCr1ZWNb1Um/esRWDGfkhrMjbmA==

coc-solargraph@>=1.1.8:
  version "1.1.8"
  resolved "https://registry.yarnpkg.com/coc-solargraph/-/coc-solargraph-1.1.8.tgz#870149d329d75470e844885e0af393fdac8aeeef"
  integrity sha512-j0/S9ycyP4cdFhTu3FGaY4t0ZSn1K5EFWi6A90nppQYPwrzSGo3tn5XDO44vaWsYhEUlQfQrXVwtFScKCdc1vg==

coc-tabnine@>=1.3.3:
  version "1.3.4"
  resolved "https://registry.yarnpkg.com/coc-tabnine/-/coc-tabnine-1.3.4.tgz#45704b057ec91cdd7fed0e241634b0511ecc2f60"
  integrity sha512-ICnIh+XR8egHeJCfuVpiXQHvHfcRJcHWRHIxTHLAOYG000tK/qZGzyVF7gz55sxgwyFOpo3EBgimdrAn9e/gvg==

coc-tag@>=1.2.5:
  version "1.2.5"
  resolved "https://registry.yarnpkg.com/coc-tag/-/coc-tag-1.2.5.tgz#aab11e449f32289ec835dc131b1fbadd59736840"
  integrity sha512-1YNb1C1h3iI5trkBn3L6fzm0yDmlt9BTOySHl651wgEyyCueZqZysIa+DHLUklZ2xgDy5szpWwUc598zKT/zlw==

coc-tsserver@>=1.6.1:
  version "1.6.1"
  resolved "https://registry.yarnpkg.com/coc-tsserver/-/coc-tsserver-1.6.1.tgz#3393311cd56cf0f590ef99e9643d35d1477daec5"
  integrity sha512-Tys5fRAdzYfi2MyRQ8X5fKLw8vhluuT/0/Uac+eOzMnWSJ0zgMpxtXTo5AA1icsLgUTHHOXgq6CJHUbKs6xGVA==
  dependencies:
    typescript "4.1.2"

coc-ultisnips@>=1.2.3:
  version "1.2.3"
  resolved "https://registry.yarnpkg.com/coc-ultisnips/-/coc-ultisnips-1.2.3.tgz#07dfc47a581111239867f7e27daf8d974f287ad6"
  integrity sha512-gefj80C24vZ9FTnFLWXhNC8aW9VBVQGELH0e80gAAZma/RY5FGOkzWVvtjO9vQqAVHt4TQUErybsf/en5ci82w==

coc-word@>=1.2.2:
  version "1.2.2"
  resolved "https://registry.yarnpkg.com/coc-word/-/coc-word-1.2.2.tgz#8cf213a9a1e8bf5b2cb74b9ee2a1a93bff205c78"
  integrity sha512-+qSB6KVXTRPeC6UDZHt8CyEO2OPVEjVda2eXqNuR8VJ7gdSCsUOkL1dorbIvQUuOVWBlN4Pdlad7UZoHSqRJvw==

typescript@4.1.2:
  version "4.1.2"
  resolved "https://registry.yarnpkg.com/typescript/-/typescript-4.1.2.tgz#6369ef22516fe5e10304aae5a5c4862db55380e9"
  integrity sha512-thGloWsGH3SOxv1SoY7QojKi0tc+8FnOmiarEGMbd/lar7QOEd3hvlx3Fp5y6FlDUGl9L+pd4n2e+oToGMmhRQ==
